
Microsoft Visual Studio Solution File, Format Version 12.00
# Visual Studio Version 17
VisualStudioVersion = 17.2.32602.215
MinimumVisualStudioVersion = 10.0.40219.1
Project("{FAE04EC0-301F-11D3-BF4B-00C04F79EFBC}") = "Util", "Util\Util.csproj", "{E65CD94B-50E7-42D9-96F3-0C996456DAD4}"
EndProject
Project("{FAE04EC0-301F-11D3-BF4B-00C04F79EFBC}") = "DTO", "DTO\DTO.csproj", "{D6E5E04F-9589-416B-A95D-EB767740D1F2}"
EndProject
Project("{FAE04EC0-301F-11D3-BF4B-00C04F79EFBC}") = "GUI", "GUI\GUI.csproj", "{1FA13DD0-772F-485C-8C95-D00486C7AF89}"
EndProject
Project("{FAE04EC0-301F-11D3-BF4B-00C04F79EFBC}") = "BLL", "BLL\BLL.csproj", "{ED015A15-6B8D-47BE-9D11-A1610CDBC498}"
EndProject
Global
	GlobalSection(SolutionConfigurationPlatforms) = preSolution
		Debug|Any CPU = Debug|Any CPU
		Release|Any CPU = Release|Any CPU
	EndGlobalSection
	GlobalSection(ProjectConfigurationPlatforms) = postSolution
		{E65CD94B-50E7-42D9-96F3-0C996456DAD4}.Debug|Any CPU.ActiveCfg = Debug|Any CPU
		{E65CD94B-50E7-42D9-96F3-0C996456DAD4}.Debug|Any CPU.Build.0 = Debug|Any CPU
		{E65CD94B-50E7-42D9-96F3-0C996456DAD4}.Release|Any CPU.ActiveCfg = Release|Any CPU
		{E65CD94B-50E7-42D9-96F3-0C996456DAD4}.Release|Any CPU.Build.0 = Release|Any CPU
		{D6E5E04F-9589-416B-A95D-EB767740D1F2}.Debug|Any CPU.ActiveCfg = Debug|Any CPU
		{D6E5E04F-9589-416B-A95D-EB767740D1F2}.Debug|Any CPU.Build.0 = Debug|Any CPU
		{D6E5E04F-9589-416B-A95D-EB767740D1F2}.Release|Any CPU.ActiveCfg = Release|Any CPU
		{D6E5E04F-9589-416B-A95D-EB767740D1F2}.Release|Any CPU.Build.0 = Release|Any CPU
		{1FA13DD0-772F-485C-8C95-D00486C7AF89}.Debug|Any CPU.ActiveCfg = Debug|Any CPU
		{1FA13DD0-772F-485C-8C95-D00486C7AF89}.Debug|Any CPU.Build.0 = Debug|Any CPU
		{1FA13DD0-772F-485C-8C95-D00486C7AF89}.Release|Any CPU.ActiveCfg = Release|Any CPU
		{1FA13DD0-772F-485C-8C95-D00486C7AF89}.Release|Any CPU.Build.0 = Release|Any CPU
		{ED015A15-6B8D-47BE-9D11-A1610CDBC498}.Debug|Any CPU.ActiveCfg = Debug|Any CPU
		{ED015A15-6B8D-47BE-9D11-A1610CDBC498}.Debug|Any CPU.Build.0 = Debug|Any CPU
		{ED015A15-6B8D-47BE-9D11-A1610CDBC498}.Release|Any CPU.ActiveCfg = Release|Any CPU
		{ED015A15-6B8D-47BE-9D11-A1610CDBC498}.Release|Any CPU.Build.0 = Release|Any CPU
	EndGlobalSection
	GlobalSection(SolutionProperties) = preSolution
		HideSolutionNode = FALSE
	EndGlobalSection
	GlobalSection(ExtensibilityGlobals) = postSolution
		SolutionGuid = {178181FD-DDAF-49C0-B960-2579559ED9A7}
	EndGlobalSection
EndGlobal
